{
  "name": "sso_poc",
  "lockfileVersion": 3,
  "requires": true,
  "packages": {
    "": {
      "dependencies": {
        "openid-client": "^6.4.2"
      }
    },
    "node_modules/jose": {
      "version": "6.0.10",
      "resolved": "https://registry.npmjs.org/jose/-/jose-6.0.10.tgz",
      "integrity": "sha512-skIAxZqcMkOrSwjJvplIPYrlXGpxTPnro2/QWTDCxAdWQrSTV5/KqspMWmi5WAx5+ULswASJiZ0a+1B/Lxt9cw==",
      "license": "MIT",
      "funding": {
        "url": "https://github.com/sponsors/panva"
      }
    },
    "node_modules/oauth4webapi": {
      "version": "3.5.0",
      "resolved": "https://registry.npmjs.org/oauth4webapi/-/oauth4webapi-3.5.0.tgz",
      "integrity": "sha512-DF3mLWNuxPkxJkHmWxbSFz4aE5CjWOsm465VBfBdWzmzX4Mg3vF8icxK+iKqfdWrIumBJ2TaoNQWx+SQc2bsPQ==",
      "license": "MIT",
      "funding": {
        "url": "https://github.com/sponsors/panva"
      }
    },
    "node_modules/openid-client": {
      "version": "6.4.2",
      "resolved": "https://registry.npmjs.org/openid-client/-/openid-client-6.4.2.tgz",
      "integrity": "sha512-4zBRTsKNRTyKxV5cFzl+LtamsYx/FsWhejjax+qgMkFNGtLj1gMtng2iSoJqqWUT0FHU3IUhO53aeBePg7Sp/g==",
      "license": "MIT",
      "dependencies": {
        "jose": "^6.0.10",
        "oauth4webapi": "^3.4.1"
      },
      "funding": {
        "url": "https://github.com/sponsors/panva"
      }
    }
  }
}
